
Microsoft Visual Studio Solution File, Format Version 12.00
# Visual Studio Version 17
VisualStudioVersion = 17.3.32929.385
MinimumVisualStudioVersion = 10.0.40219.1
Project("{FAE04EC0-301F-11D3-BF4B-00C04F79EFBC}") = "GP2F", "GP2F\GP2F.csproj", "{F6DE8087-6710-46C0-AFEC-1A4F6EA4C7AD}"
EndProject
Global
	GlobalSection(SolutionConfigurationPlatforms) = preSolution
		Debug|Any CPU = Debug|Any CPU
		Release|Any CPU = Release|Any CPU
	EndGlobalSection
	GlobalSection(ProjectConfigurationPlatforms) = postSolution
		{F6DE8087-6710-46C0-AFEC-1A4F6EA4C7AD}.Debug|Any CPU.ActiveCfg = Debug|Any CPU
		{F6DE8087-6710-46C0-AFEC-1A4F6EA4C7AD}.Debug|Any CPU.Build.0 = Debug|Any CPU
		{F6DE8087-6710-46C0-AFEC-1A4F6EA4C7AD}.Release|Any CPU.ActiveCfg = Release|Any CPU
		{F6DE8087-6710-46C0-AFEC-1A4F6EA4C7AD}.Release|Any CPU.Build.0 = Release|Any CPU
	EndGlobalSection
	GlobalSection(SolutionProperties) = preSolution
		HideSolutionNode = FALSE
	EndGlobalSection
	GlobalSection(ExtensibilityGlobals) = postSolution
		SolutionGuid = {6BA2E447-A405-45BA-B597-4D78023243ED}
	EndGlobalSection
EndGlobal
